
Microsoft Visual Studio Solution File, Format Version 12.00
# Visual Studio Version 16
VisualStudioVersion = 16.0.31729.503
MinimumVisualStudioVersion = 10.0.40219.1
Project("{888888A0-9F3D-457C-B088-3A5042F75D52}") = "R-group replacement database", "R-group replacement database.pyproj", "{DB365AC8-2E03-4DD8-8108-9591838D4223}"
EndProject
Global
	GlobalSection(SolutionConfigurationPlatforms) = preSolution
		Debug|Any CPU = Debug|Any CPU
		Release|Any CPU = Release|Any CPU
	EndGlobalSection
	GlobalSection(ProjectConfigurationPlatforms) = postSolution
		{DB365AC8-2E03-4DD8-8108-9591838D4223}.Debug|Any CPU.ActiveCfg = Debug|Any CPU
		{DB365AC8-2E03-4DD8-8108-9591838D4223}.Release|Any CPU.ActiveCfg = Release|Any CPU
	EndGlobalSection
	GlobalSection(SolutionProperties) = preSolution
		HideSolutionNode = FALSE
	EndGlobalSection
	GlobalSection(ExtensibilityGlobals) = postSolution
		SolutionGuid = {4285C1AF-622D-425D-AE4A-82E6969A8D1D}
	EndGlobalSection
EndGlobal
